
Microsoft Visual Studio Solution File, Format Version 12.00
# Visual Studio 14
VisualStudioVersion = 14.0.24720.0
MinimumVisualStudioVersion = 10.0.40219.1
Project("{FAE04EC0-301F-11D3-BF4B-00C04F79EFBC}") = "WcfServiceLibrary1", "WcfServiceLibrary1\WcfServiceLibrary1.csproj", "{EEE1A8D6-4D1A-4E02-8ABC-EDFEACC150A6}"
EndProject
Project("{FAE04EC0-301F-11D3-BF4B-00C04F79EFBC}") = "WindowsFormsApplication1", "WindowsFormsApplication1\WindowsFormsApplication1.csproj", "{7CE2DD22-DC22-40C2-9F71-49D9A6413B84}"
	ProjectSection(ProjectDependencies) = postProject
		{EEE1A8D6-4D1A-4E02-8ABC-EDFEACC150A6} = {EEE1A8D6-4D1A-4E02-8ABC-EDFEACC150A6}
	EndProjectSection
EndProject
Global
	GlobalSection(SolutionConfigurationPlatforms) = preSolution
		Debug|Any CPU = Debug|Any CPU
		Release|Any CPU = Release|Any CPU
	EndGlobalSection
	GlobalSection(ProjectConfigurationPlatforms) = postSolution
		{EEE1A8D6-4D1A-4E02-8ABC-EDFEACC150A6}.Debug|Any CPU.ActiveCfg = Debug|Any CPU
		{EEE1A8D6-4D1A-4E02-8ABC-EDFEACC150A6}.Debug|Any CPU.Build.0 = Debug|Any CPU
		{EEE1A8D6-4D1A-4E02-8ABC-EDFEACC150A6}.Release|Any CPU.ActiveCfg = Release|Any CPU
		{EEE1A8D6-4D1A-4E02-8ABC-EDFEACC150A6}.Release|Any CPU.Build.0 = Release|Any CPU
		{7CE2DD22-DC22-40C2-9F71-49D9A6413B84}.Debug|Any CPU.ActiveCfg = Debug|Any CPU
		{7CE2DD22-DC22-40C2-9F71-49D9A6413B84}.Debug|Any CPU.Build.0 = Debug|Any CPU
		{7CE2DD22-DC22-40C2-9F71-49D9A6413B84}.Release|Any CPU.ActiveCfg = Release|Any CPU
		{7CE2DD22-DC22-40C2-9F71-49D9A6413B84}.Release|Any CPU.Build.0 = Release|Any CPU
	EndGlobalSection
	GlobalSection(SolutionProperties) = preSolution
		HideSolutionNode = FALSE
	EndGlobalSection
EndGlobal
