
Microsoft Visual Studio Solution File, Format Version 12.00
# Visual Studio 14
VisualStudioVersion = 14.0.24720.0
MinimumVisualStudioVersion = 10.0.40219.1
Project("{FAE04EC0-301F-11D3-BF4B-00C04F79EFBC}") = "L01E01.ServiceLibrary", "L01E01.ServiceLibrary\L01E01.ServiceLibrary.csproj", "{7CF438AF-4021-4C02-B80C-47619C8186FF}"
EndProject
Project("{FAE04EC0-301F-11D3-BF4B-00C04F79EFBC}") = "L01E02.PersonServiceLibrary", "L01E02.PersonServiceLibrary\L01E02.PersonServiceLibrary.csproj", "{25F79633-38DB-4B7B-A70D-DB678584FF64}"
EndProject
Project("{FAE04EC0-301F-11D3-BF4B-00C04F79EFBC}") = "L01E01.ServiceClient", "L01E01.ServiceClient\L01E01.ServiceClient.csproj", "{F56344F8-2A41-4999-A1E2-7A646C2314BB}"
	ProjectSection(ProjectDependencies) = postProject
		{7CF438AF-4021-4C02-B80C-47619C8186FF} = {7CF438AF-4021-4C02-B80C-47619C8186FF}
	EndProjectSection
EndProject
Project("{FAE04EC0-301F-11D3-BF4B-00C04F79EFBC}") = "L01E02.PersonServiceClient", "L01E02.PersonServiceClient\L01E02.PersonServiceClient.csproj", "{44F21D64-BB55-49FD-8385-647560E8FF7C}"
	ProjectSection(ProjectDependencies) = postProject
		{25F79633-38DB-4B7B-A70D-DB678584FF64} = {25F79633-38DB-4B7B-A70D-DB678584FF64}
	EndProjectSection
EndProject
Project("{FAE04EC0-301F-11D3-BF4B-00C04F79EFBC}") = "L01E02.WinFormPersonServiceClient", "L01E02.WinFormPersonServiceClient\L01E02.WinFormPersonServiceClient.csproj", "{97D15A90-26B4-4C68-B501-5A43166367E7}"
	ProjectSection(ProjectDependencies) = postProject
		{25F79633-38DB-4B7B-A70D-DB678584FF64} = {25F79633-38DB-4B7B-A70D-DB678584FF64}
	EndProjectSection
EndProject
Project("{FAE04EC0-301F-11D3-BF4B-00C04F79EFBC}") = "L02E01.EvalServiceLibrary", "L02E01.EvalServiceLibrary\L02E01.EvalServiceLibrary.csproj", "{E5D75E87-C878-4485-8FC5-E4BD7A2F0BBC}"
EndProject
Project("{FAE04EC0-301F-11D3-BF4B-00C04F79EFBC}") = "L02E01.ConsoleHost", "L02E01.ConsoleHost\L02E01.ConsoleHost.csproj", "{6B9B8C6F-0939-40D0-80B8-4562E5A716D1}"
EndProject
Project("{FAE04EC0-301F-11D3-BF4B-00C04F79EFBC}") = "L03E01.ConsoleClient", "L03E01.ConsoleClient\L03E01.ConsoleClient.csproj", "{52787B56-160E-4088-9DC7-A2CD12A502CE}"
EndProject
Project("{FAE04EC0-301F-11D3-BF4B-00C04F79EFBC}") = "L03E02.WinFormClient", "L03E02.WinFormClient\L03E02.WinFormClient.csproj", "{D9E25434-75F3-4538-AF21-29E704CDDF47}"
EndProject
Project("{FAE04EC0-301F-11D3-BF4B-00C04F79EFBC}") = "L03E03.SveaRiksbank.ConsoleClient", "L03E03.SveaRiksbank.ConsoleClient\L03E03.SveaRiksbank.ConsoleClient.csproj", "{B78495B0-83B0-4E97-BA0B-2C1D17919011}"
EndProject
Project("{FAE04EC0-301F-11D3-BF4B-00C04F79EFBC}") = "L04E01.ProductsApp.WebApi", "L04E01.ProductsApp.WebApi\L04E01.ProductsApp.WebApi.csproj", "{63906788-4CF2-406F-A22E-EB19D3EDDCDC}"
EndProject
Project("{FAE04EC0-301F-11D3-BF4B-00C04F79EFBC}") = "L04E02.BookLibrary.WebApi", "L04E02.BookLibrary.WebApi\L04E02.BookLibrary.WebApi.csproj", "{664C982D-7A4D-4B3D-BC24-174501C5AD0A}"
EndProject
Project("{FAE04EC0-301F-11D3-BF4B-00C04F79EFBC}") = "L04E02.Books", "L04E02.Books\L04E02.Books.csproj", "{0A19842E-0569-40BC-AF73-596462700CF5}"
EndProject
Global
	GlobalSection(SolutionConfigurationPlatforms) = preSolution
		Debug|Any CPU = Debug|Any CPU
		Release|Any CPU = Release|Any CPU
	EndGlobalSection
	GlobalSection(ProjectConfigurationPlatforms) = postSolution
		{7CF438AF-4021-4C02-B80C-47619C8186FF}.Debug|Any CPU.ActiveCfg = Debug|Any CPU
		{7CF438AF-4021-4C02-B80C-47619C8186FF}.Debug|Any CPU.Build.0 = Debug|Any CPU
		{7CF438AF-4021-4C02-B80C-47619C8186FF}.Release|Any CPU.ActiveCfg = Release|Any CPU
		{7CF438AF-4021-4C02-B80C-47619C8186FF}.Release|Any CPU.Build.0 = Release|Any CPU
		{25F79633-38DB-4B7B-A70D-DB678584FF64}.Debug|Any CPU.ActiveCfg = Debug|Any CPU
		{25F79633-38DB-4B7B-A70D-DB678584FF64}.Debug|Any CPU.Build.0 = Debug|Any CPU
		{25F79633-38DB-4B7B-A70D-DB678584FF64}.Release|Any CPU.ActiveCfg = Release|Any CPU
		{25F79633-38DB-4B7B-A70D-DB678584FF64}.Release|Any CPU.Build.0 = Release|Any CPU
		{F56344F8-2A41-4999-A1E2-7A646C2314BB}.Debug|Any CPU.ActiveCfg = Debug|Any CPU
		{F56344F8-2A41-4999-A1E2-7A646C2314BB}.Debug|Any CPU.Build.0 = Debug|Any CPU
		{F56344F8-2A41-4999-A1E2-7A646C2314BB}.Release|Any CPU.ActiveCfg = Release|Any CPU
		{F56344F8-2A41-4999-A1E2-7A646C2314BB}.Release|Any CPU.Build.0 = Release|Any CPU
		{44F21D64-BB55-49FD-8385-647560E8FF7C}.Debug|Any CPU.ActiveCfg = Debug|Any CPU
		{44F21D64-BB55-49FD-8385-647560E8FF7C}.Debug|Any CPU.Build.0 = Debug|Any CPU
		{44F21D64-BB55-49FD-8385-647560E8FF7C}.Release|Any CPU.ActiveCfg = Release|Any CPU
		{44F21D64-BB55-49FD-8385-647560E8FF7C}.Release|Any CPU.Build.0 = Release|Any CPU
		{97D15A90-26B4-4C68-B501-5A43166367E7}.Debug|Any CPU.ActiveCfg = Debug|Any CPU
		{97D15A90-26B4-4C68-B501-5A43166367E7}.Debug|Any CPU.Build.0 = Debug|Any CPU
		{97D15A90-26B4-4C68-B501-5A43166367E7}.Release|Any CPU.ActiveCfg = Release|Any CPU
		{97D15A90-26B4-4C68-B501-5A43166367E7}.Release|Any CPU.Build.0 = Release|Any CPU
		{E5D75E87-C878-4485-8FC5-E4BD7A2F0BBC}.Debug|Any CPU.ActiveCfg = Debug|Any CPU
		{E5D75E87-C878-4485-8FC5-E4BD7A2F0BBC}.Debug|Any CPU.Build.0 = Debug|Any CPU
		{E5D75E87-C878-4485-8FC5-E4BD7A2F0BBC}.Release|Any CPU.ActiveCfg = Release|Any CPU
		{E5D75E87-C878-4485-8FC5-E4BD7A2F0BBC}.Release|Any CPU.Build.0 = Release|Any CPU
		{6B9B8C6F-0939-40D0-80B8-4562E5A716D1}.Debug|Any CPU.ActiveCfg = Debug|Any CPU
		{6B9B8C6F-0939-40D0-80B8-4562E5A716D1}.Debug|Any CPU.Build.0 = Debug|Any CPU
		{6B9B8C6F-0939-40D0-80B8-4562E5A716D1}.Release|Any CPU.ActiveCfg = Release|Any CPU
		{6B9B8C6F-0939-40D0-80B8-4562E5A716D1}.Release|Any CPU.Build.0 = Release|Any CPU
		{52787B56-160E-4088-9DC7-A2CD12A502CE}.Debug|Any CPU.ActiveCfg = Debug|Any CPU
		{52787B56-160E-4088-9DC7-A2CD12A502CE}.Debug|Any CPU.Build.0 = Debug|Any CPU
		{52787B56-160E-4088-9DC7-A2CD12A502CE}.Release|Any CPU.ActiveCfg = Release|Any CPU
		{52787B56-160E-4088-9DC7-A2CD12A502CE}.Release|Any CPU.Build.0 = Release|Any CPU
		{D9E25434-75F3-4538-AF21-29E704CDDF47}.Debug|Any CPU.ActiveCfg = Debug|Any CPU
		{D9E25434-75F3-4538-AF21-29E704CDDF47}.Debug|Any CPU.Build.0 = Debug|Any CPU
		{D9E25434-75F3-4538-AF21-29E704CDDF47}.Release|Any CPU.ActiveCfg = Release|Any CPU
		{D9E25434-75F3-4538-AF21-29E704CDDF47}.Release|Any CPU.Build.0 = Release|Any CPU
		{B78495B0-83B0-4E97-BA0B-2C1D17919011}.Debug|Any CPU.ActiveCfg = Debug|Any CPU
		{B78495B0-83B0-4E97-BA0B-2C1D17919011}.Debug|Any CPU.Build.0 = Debug|Any CPU
		{B78495B0-83B0-4E97-BA0B-2C1D17919011}.Release|Any CPU.ActiveCfg = Release|Any CPU
		{B78495B0-83B0-4E97-BA0B-2C1D17919011}.Release|Any CPU.Build.0 = Release|Any CPU
		{63906788-4CF2-406F-A22E-EB19D3EDDCDC}.Debug|Any CPU.ActiveCfg = Debug|Any CPU
		{63906788-4CF2-406F-A22E-EB19D3EDDCDC}.Debug|Any CPU.Build.0 = Debug|Any CPU
		{63906788-4CF2-406F-A22E-EB19D3EDDCDC}.Release|Any CPU.ActiveCfg = Release|Any CPU
		{63906788-4CF2-406F-A22E-EB19D3EDDCDC}.Release|Any CPU.Build.0 = Release|Any CPU
		{664C982D-7A4D-4B3D-BC24-174501C5AD0A}.Debug|Any CPU.ActiveCfg = Debug|Any CPU
		{664C982D-7A4D-4B3D-BC24-174501C5AD0A}.Debug|Any CPU.Build.0 = Debug|Any CPU
		{664C982D-7A4D-4B3D-BC24-174501C5AD0A}.Release|Any CPU.ActiveCfg = Release|Any CPU
		{664C982D-7A4D-4B3D-BC24-174501C5AD0A}.Release|Any CPU.Build.0 = Release|Any CPU
		{0A19842E-0569-40BC-AF73-596462700CF5}.Debug|Any CPU.ActiveCfg = Debug|Any CPU
		{0A19842E-0569-40BC-AF73-596462700CF5}.Debug|Any CPU.Build.0 = Debug|Any CPU
		{0A19842E-0569-40BC-AF73-596462700CF5}.Release|Any CPU.ActiveCfg = Release|Any CPU
		{0A19842E-0569-40BC-AF73-596462700CF5}.Release|Any CPU.Build.0 = Release|Any CPU
	EndGlobalSection
	GlobalSection(SolutionProperties) = preSolution
		HideSolutionNode = FALSE
	EndGlobalSection
EndGlobal
