
Microsoft Visual Studio Solution File, Format Version 12.00
# Visual Studio 14
VisualStudioVersion = 14.0.24720.0
MinimumVisualStudioVersion = 10.0.40219.1
Project("{FAE04EC0-301F-11D3-BF4B-00C04F79EFBC}") = "ConsoleClient", "ConsoleClient\ConsoleClient.csproj", "{7545956C-FD05-44A9-93E9-B1E298044813}"
EndProject
Project("{FAE04EC0-301F-11D3-BF4B-00C04F79EFBC}") = "ServiceLibrary", "ServiceLibrary\ServiceLibrary.csproj", "{0DB76B0E-1E35-4FA0-8049-2F0DA1758AA3}"
EndProject
Global
	GlobalSection(SolutionConfigurationPlatforms) = preSolution
		Debug|Any CPU = Debug|Any CPU
		Release|Any CPU = Release|Any CPU
	EndGlobalSection
	GlobalSection(ProjectConfigurationPlatforms) = postSolution
		{7545956C-FD05-44A9-93E9-B1E298044813}.Debug|Any CPU.ActiveCfg = Debug|Any CPU
		{7545956C-FD05-44A9-93E9-B1E298044813}.Debug|Any CPU.Build.0 = Debug|Any CPU
		{7545956C-FD05-44A9-93E9-B1E298044813}.Release|Any CPU.ActiveCfg = Release|Any CPU
		{7545956C-FD05-44A9-93E9-B1E298044813}.Release|Any CPU.Build.0 = Release|Any CPU
		{0DB76B0E-1E35-4FA0-8049-2F0DA1758AA3}.Debug|Any CPU.ActiveCfg = Debug|Any CPU
		{0DB76B0E-1E35-4FA0-8049-2F0DA1758AA3}.Debug|Any CPU.Build.0 = Debug|Any CPU
		{0DB76B0E-1E35-4FA0-8049-2F0DA1758AA3}.Release|Any CPU.ActiveCfg = Release|Any CPU
		{0DB76B0E-1E35-4FA0-8049-2F0DA1758AA3}.Release|Any CPU.Build.0 = Release|Any CPU
	EndGlobalSection
	GlobalSection(SolutionProperties) = preSolution
		HideSolutionNode = FALSE
	EndGlobalSection
EndGlobal
