
Microsoft Visual Studio Solution File, Format Version 12.00
# Visual Studio 14
VisualStudioVersion = 14.0.24720.0
MinimumVisualStudioVersion = 10.0.40219.1
Project("{FAE04EC0-301F-11D3-BF4B-00C04F79EFBC}") = "E01.WeatherServiceConsoleClient", "E01.WeatherServiceConsoleClient\E01.WeatherServiceConsoleClient.csproj", "{BE09E30B-7893-41C4-8057-15865CD38E4C}"
EndProject
Project("{FAE04EC0-301F-11D3-BF4B-00C04F79EFBC}") = "E02.MyMediaServiceLibrary", "E02.MyMediaServiceLibrary\E02.MyMediaServiceLibrary.csproj", "{40CA5746-1B7A-4C29-B559-621371418345}"
EndProject
Project("{FAE04EC0-301F-11D3-BF4B-00C04F79EFBC}") = "E02.MediaHost", "E02.MediaHost\E02.MediaHost.csproj", "{F211C36A-5881-40F0-B1FD-8576556DC28E}"
	ProjectSection(ProjectDependencies) = postProject
		{40CA5746-1B7A-4C29-B559-621371418345} = {40CA5746-1B7A-4C29-B559-621371418345}
	EndProjectSection
EndProject
Project("{FAE04EC0-301F-11D3-BF4B-00C04F79EFBC}") = "MediaClient", "MediaClient\MediaClient.csproj", "{9AF0113B-694E-4BE9-8850-4A6502EE8161}"
EndProject
Global
	GlobalSection(SolutionConfigurationPlatforms) = preSolution
		Debug|Any CPU = Debug|Any CPU
		Release|Any CPU = Release|Any CPU
	EndGlobalSection
	GlobalSection(ProjectConfigurationPlatforms) = postSolution
		{BE09E30B-7893-41C4-8057-15865CD38E4C}.Debug|Any CPU.ActiveCfg = Debug|Any CPU
		{BE09E30B-7893-41C4-8057-15865CD38E4C}.Debug|Any CPU.Build.0 = Debug|Any CPU
		{BE09E30B-7893-41C4-8057-15865CD38E4C}.Release|Any CPU.ActiveCfg = Release|Any CPU
		{BE09E30B-7893-41C4-8057-15865CD38E4C}.Release|Any CPU.Build.0 = Release|Any CPU
		{40CA5746-1B7A-4C29-B559-621371418345}.Debug|Any CPU.ActiveCfg = Debug|Any CPU
		{40CA5746-1B7A-4C29-B559-621371418345}.Debug|Any CPU.Build.0 = Debug|Any CPU
		{40CA5746-1B7A-4C29-B559-621371418345}.Release|Any CPU.ActiveCfg = Release|Any CPU
		{40CA5746-1B7A-4C29-B559-621371418345}.Release|Any CPU.Build.0 = Release|Any CPU
		{F211C36A-5881-40F0-B1FD-8576556DC28E}.Debug|Any CPU.ActiveCfg = Debug|Any CPU
		{F211C36A-5881-40F0-B1FD-8576556DC28E}.Debug|Any CPU.Build.0 = Debug|Any CPU
		{F211C36A-5881-40F0-B1FD-8576556DC28E}.Release|Any CPU.ActiveCfg = Release|Any CPU
		{F211C36A-5881-40F0-B1FD-8576556DC28E}.Release|Any CPU.Build.0 = Release|Any CPU
		{9AF0113B-694E-4BE9-8850-4A6502EE8161}.Debug|Any CPU.ActiveCfg = Debug|Any CPU
		{9AF0113B-694E-4BE9-8850-4A6502EE8161}.Debug|Any CPU.Build.0 = Debug|Any CPU
		{9AF0113B-694E-4BE9-8850-4A6502EE8161}.Release|Any CPU.ActiveCfg = Release|Any CPU
		{9AF0113B-694E-4BE9-8850-4A6502EE8161}.Release|Any CPU.Build.0 = Release|Any CPU
	EndGlobalSection
	GlobalSection(SolutionProperties) = preSolution
		HideSolutionNode = FALSE
	EndGlobalSection
EndGlobal
